
Microsoft Visual Studio Solution File, Format Version 12.00
# Visual Studio Version 16
VisualStudioVersion = 16.0.29519.181
MinimumVisualStudioVersion = 10.0.40219.1
Project("{9A19103F-16F7-4668-BE54-9A1E7A4F7556}") = "FamilyScoreboard", "FamilyScoreboard\FamilyScoreboard.csproj", "{F8453353-7E8A-4052-94B6-B48C99A7B107}"
EndProject
Project("{9A19103F-16F7-4668-BE54-9A1E7A4F7556}") = "UI", "UI\UI.csproj", "{B2C5FA4D-C2BD-42F3-87D6-538264821E43}"
EndProject
Project("{E53339B2-1760-4266-BCC7-CA923CBCF16C}") = "docker-compose", "docker-compose.dcproj", "{BFC4347D-4019-4117-A687-D36316854AD3}"
EndProject
Global
	GlobalSection(SolutionConfigurationPlatforms) = preSolution
		Debug|Any CPU = Debug|Any CPU
		Release|Any CPU = Release|Any CPU
	EndGlobalSection
	GlobalSection(ProjectConfigurationPlatforms) = postSolution
		{F8453353-7E8A-4052-94B6-B48C99A7B107}.Debug|Any CPU.ActiveCfg = Debug|Any CPU
		{F8453353-7E8A-4052-94B6-B48C99A7B107}.Debug|Any CPU.Build.0 = Debug|Any CPU
		{F8453353-7E8A-4052-94B6-B48C99A7B107}.Release|Any CPU.ActiveCfg = Release|Any CPU
		{F8453353-7E8A-4052-94B6-B48C99A7B107}.Release|Any CPU.Build.0 = Release|Any CPU
		{B2C5FA4D-C2BD-42F3-87D6-538264821E43}.Debug|Any CPU.ActiveCfg = Debug|Any CPU
		{B2C5FA4D-C2BD-42F3-87D6-538264821E43}.Debug|Any CPU.Build.0 = Debug|Any CPU
		{B2C5FA4D-C2BD-42F3-87D6-538264821E43}.Release|Any CPU.ActiveCfg = Release|Any CPU
		{B2C5FA4D-C2BD-42F3-87D6-538264821E43}.Release|Any CPU.Build.0 = Release|Any CPU
		{BFC4347D-4019-4117-A687-D36316854AD3}.Debug|Any CPU.ActiveCfg = Debug|Any CPU
		{BFC4347D-4019-4117-A687-D36316854AD3}.Debug|Any CPU.Build.0 = Debug|Any CPU
		{BFC4347D-4019-4117-A687-D36316854AD3}.Release|Any CPU.ActiveCfg = Release|Any CPU
		{BFC4347D-4019-4117-A687-D36316854AD3}.Release|Any CPU.Build.0 = Release|Any CPU
	EndGlobalSection
	GlobalSection(SolutionProperties) = preSolution
		HideSolutionNode = FALSE
	EndGlobalSection
	GlobalSection(ExtensibilityGlobals) = postSolution
		SolutionGuid = {CC81E10F-3C29-4F40-8B84-FC50D6317C82}
	EndGlobalSection
EndGlobal
