
Microsoft Visual Studio Solution File, Format Version 12.00
# Visual Studio Version 16
VisualStudioVersion = 16.0.29728.190
MinimumVisualStudioVersion = 10.0.40219.1
Project("{FAE04EC0-301F-11D3-BF4B-00C04F79EFBC}") = "FamilyScoreboard", "FamilyScoreboard.csproj", "{31C9B824-FF37-4547-B92A-4CE7CF7E1F40}"
EndProject
Global
	GlobalSection(SolutionConfigurationPlatforms) = preSolution
		Debug|Any CPU = Debug|Any CPU
		Release|Any CPU = Release|Any CPU
	EndGlobalSection
	GlobalSection(ProjectConfigurationPlatforms) = postSolution
		{31C9B824-FF37-4547-B92A-4CE7CF7E1F40}.Debug|Any CPU.ActiveCfg = Debug|Any CPU
		{31C9B824-FF37-4547-B92A-4CE7CF7E1F40}.Debug|Any CPU.Build.0 = Debug|Any CPU
		{31C9B824-FF37-4547-B92A-4CE7CF7E1F40}.Release|Any CPU.ActiveCfg = Release|Any CPU
		{31C9B824-FF37-4547-B92A-4CE7CF7E1F40}.Release|Any CPU.Build.0 = Release|Any CPU
	EndGlobalSection
	GlobalSection(SolutionProperties) = preSolution
		HideSolutionNode = FALSE
	EndGlobalSection
	GlobalSection(ExtensibilityGlobals) = postSolution
		SolutionGuid = {0A4B0B3B-F2C2-4D98-B4B0-CFF97CF19D96}
	EndGlobalSection
EndGlobal
